
Microsoft Visual Studio Solution File, Format Version 12.00
# Visual Studio Version 16
VisualStudioVersion = 16.0.29411.108
MinimumVisualStudioVersion = 10.0.40219.1
Project("{2150E333-8FDC-42A3-9474-1A3956D46DE8}") = "src", "src", "{1C450F48-ED52-4688-BA6D-3BE27506C397}"
EndProject
Project("{2150E333-8FDC-42A3-9474-1A3956D46DE8}") = "Project", "Project", "{3CBD0824-FB52-4B1E-B9D6-F4D34CBEED6E}"
EndProject
Project("{2150E333-8FDC-42A3-9474-1A3956D46DE8}") = "Feature", "Feature", "{4EF84CA0-33B8-40A6-8191-817C65AD012D}"
EndProject
Project("{2150E333-8FDC-42A3-9474-1A3956D46DE8}") = "Foundation", "Foundation", "{14A791B1-4CB4-4703-AA8A-F447BD30EE4C}"
EndProject
Project("{2150E333-8FDC-42A3-9474-1A3956D46DE8}") = "TAC", "TAC", "{890F0D5A-151F-4CB8-88C3-05EFE24D645B}"
EndProject
Project("{FAE04EC0-301F-11D3-BF4B-00C04F79EFBC}") = "events.tac.local", "src\Project\code\events.tac.local.csproj", "{1472F07E-73E7-4455-A761-8AD423D6E5DF}"
EndProject
Project("{FAE04EC0-301F-11D3-BF4B-00C04F79EFBC}") = "events.tac.local.Tests", "src\Project\tests\events.tac.local.Tests.csproj", "{7E08A660-CE62-496E-B16E-D3E127A3B083}"
EndProject
Project("{FAE04EC0-301F-11D3-BF4B-00C04F79EFBC}") = "TAC.Sitecore.Abstractions", "src\Foundation\TAC.Sitecore.Abstractions\TAC.Sitecore.Abstractions.csproj", "{71417F51-8B93-4F15-A2BB-BB12FE286B24}"
EndProject
Project("{2150E333-8FDC-42A3-9474-1A3956D46DE8}") = "Business", "Business", "{5535D576-3AA9-49B4-8B73-356A7A6AB00A}"
EndProject
Project("{FAE04EC0-301F-11D3-BF4B-00C04F79EFBC}") = "Sitecore.Feature.Business", "src\Feature\Sitecore.Feature.Business\Sitecore.Feature.Business.csproj", "{15C143A5-3261-470C-8825-C26F9905A8CE}"
EndProject
Project("{FAE04EC0-301F-11D3-BF4B-00C04F79EFBC}") = "Sitecore.Feature.Business.Tests", "Business\Sitecore.Feature.Business.Tests\Sitecore.Feature.Business.Tests.csproj", "{2A750D33-B6C6-4951-8E14-8A79D5BCBB72}"
EndProject
Project("{2150E333-8FDC-42A3-9474-1A3956D46DE8}") = "Language", "Language", "{22CB466F-B105-49EC-A256-45A21B7E1E31}"
EndProject
Project("{FAE04EC0-301F-11D3-BF4B-00C04F79EFBC}") = "Sitecore.Feature.Language", "src\Feature\Sitecore.Feature.Language\Sitecore.Feature.Language.csproj", "{05E6CAD4-2DF2-446A-91AC-1FB0E7987159}"
EndProject
Project("{FAE04EC0-301F-11D3-BF4B-00C04F79EFBC}") = "Sitecore.Feature.Language.Tests", "Language\Sitecore.Feature.Language.Tests\Sitecore.Feature.Language.Tests.csproj", "{121BEE2E-D032-480F-B572-04D28293694E}"
EndProject
Project("{2150E333-8FDC-42A3-9474-1A3956D46DE8}") = "Search", "Search", "{AF8DC325-C762-46C4-9EDB-09751BE519EB}"
EndProject
Project("{FAE04EC0-301F-11D3-BF4B-00C04F79EFBC}") = "Sitecore.Feature.Search", "src\Feature\Sitecore.Feature.Search\Sitecore.Feature.Search.csproj", "{6DA1F9B1-0449-4B44-BAA5-1412FBD66B7A}"
EndProject
Project("{FAE04EC0-301F-11D3-BF4B-00C04F79EFBC}") = "Sitecore.Feature.Search.Tests", "Search\Sitecore.Feature.Search.Tests\Sitecore.Feature.Search.Tests.csproj", "{85BBC879-FB8D-401B-9485-D10C1502C767}"
EndProject
Project("{FAE04EC0-301F-11D3-BF4B-00C04F79EFBC}") = "Sitecore.Feature.Forms", "src\Feature\Sitecore.Feature.Forms\Sitecore.Feature.Forms.csproj", "{CC90C6A1-1FE7-4E02-A3AF-3BF4E90A0541}"
EndProject
Project("{FAE04EC0-301F-11D3-BF4B-00C04F79EFBC}") = "Sitecore.Feature.Forms.Tests", "Feature\Sitecore.Feature.Forms.Tests\Sitecore.Feature.Forms.Tests.csproj", "{E3C5053E-9A1D-4FCE-876F-00B837252A8B}"
EndProject
Project("{2150E333-8FDC-42A3-9474-1A3956D46DE8}") = "Forms", "Forms", "{4B88BBD2-E5E3-4E2F-A61E-1B673C1BC25B}"
EndProject
Project("{FAE04EC0-301F-11D3-BF4B-00C04F79EFBC}") = "tac.utils", "C:\Users\Andrei_Zhydzenka\Downloads\Student Resources SXSD\Student Resources\Events\tac.utils\tac.utils.csproj", "{1C59F3AA-127D-4D46-92A9-8EB82692B76A}"
EndProject
Project("{CAA73BB0-EF22-4D79-A57E-DF67B3BA9C80}") = "Sitecore.Feature.Forms.Master", "src\Feature\Sitecore.Feature.Forms\tds\master\Sitecore.Feature.Forms.Master\Sitecore.Feature.Forms.Master.scproj", "{9052CDBC-3BE6-4134-82FC-EE08813B2FF9}"
EndProject
Project("{2150E333-8FDC-42A3-9474-1A3956D46DE8}") = "Serialization", "Serialization", "{9F948905-414A-4FC1-ADBB-FE59404A4297}"
EndProject
Project("{FAE04EC0-301F-11D3-BF4B-00C04F79EFBC}") = "Sitecore.Foundation.Serialization", "src\Foundation\Serialization\Sitecore.Foundation.Serialization\Sitecore.Foundation.Serialization.csproj", "{691DEA32-030F-4002-AC39-12EA8F8676B4}"
EndProject
Project("{2150E333-8FDC-42A3-9474-1A3956D46DE8}") = "NotFoundPage", "NotFoundPage", "{4C7E032E-6784-4E63-B73B-1F6CE0BB4B27}"
EndProject
Project("{FAE04EC0-301F-11D3-BF4B-00C04F79EFBC}") = "Sitecore.Feature.NotFoundPage", "src\Feature\Sitecore.Feature.NotFoundPage\Sitecore.Feature.NotFoundPage.csproj", "{A9EA61A3-AB41-43BD-8DA5-4F4DAD60B3D9}"
EndProject
Global
	GlobalSection(SolutionConfigurationPlatforms) = preSolution
		Debug|Any CPU = Debug|Any CPU
		Release|Any CPU = Release|Any CPU
	EndGlobalSection
	GlobalSection(ProjectConfigurationPlatforms) = postSolution
		{1472F07E-73E7-4455-A761-8AD423D6E5DF}.Debug|Any CPU.ActiveCfg = Debug|Any CPU
		{1472F07E-73E7-4455-A761-8AD423D6E5DF}.Debug|Any CPU.Build.0 = Debug|Any CPU
		{1472F07E-73E7-4455-A761-8AD423D6E5DF}.Release|Any CPU.ActiveCfg = Release|Any CPU
		{1472F07E-73E7-4455-A761-8AD423D6E5DF}.Release|Any CPU.Build.0 = Release|Any CPU
		{7E08A660-CE62-496E-B16E-D3E127A3B083}.Debug|Any CPU.ActiveCfg = Debug|Any CPU
		{7E08A660-CE62-496E-B16E-D3E127A3B083}.Debug|Any CPU.Build.0 = Debug|Any CPU
		{7E08A660-CE62-496E-B16E-D3E127A3B083}.Release|Any CPU.ActiveCfg = Release|Any CPU
		{7E08A660-CE62-496E-B16E-D3E127A3B083}.Release|Any CPU.Build.0 = Release|Any CPU
		{71417F51-8B93-4F15-A2BB-BB12FE286B24}.Debug|Any CPU.ActiveCfg = Debug|Any CPU
		{71417F51-8B93-4F15-A2BB-BB12FE286B24}.Debug|Any CPU.Build.0 = Debug|Any CPU
		{71417F51-8B93-4F15-A2BB-BB12FE286B24}.Release|Any CPU.ActiveCfg = Release|Any CPU
		{71417F51-8B93-4F15-A2BB-BB12FE286B24}.Release|Any CPU.Build.0 = Release|Any CPU
		{15C143A5-3261-470C-8825-C26F9905A8CE}.Debug|Any CPU.ActiveCfg = Debug|Any CPU
		{15C143A5-3261-470C-8825-C26F9905A8CE}.Debug|Any CPU.Build.0 = Debug|Any CPU
		{15C143A5-3261-470C-8825-C26F9905A8CE}.Release|Any CPU.ActiveCfg = Release|Any CPU
		{15C143A5-3261-470C-8825-C26F9905A8CE}.Release|Any CPU.Build.0 = Release|Any CPU
		{2A750D33-B6C6-4951-8E14-8A79D5BCBB72}.Debug|Any CPU.ActiveCfg = Debug|Any CPU
		{2A750D33-B6C6-4951-8E14-8A79D5BCBB72}.Debug|Any CPU.Build.0 = Debug|Any CPU
		{2A750D33-B6C6-4951-8E14-8A79D5BCBB72}.Release|Any CPU.ActiveCfg = Release|Any CPU
		{2A750D33-B6C6-4951-8E14-8A79D5BCBB72}.Release|Any CPU.Build.0 = Release|Any CPU
		{05E6CAD4-2DF2-446A-91AC-1FB0E7987159}.Debug|Any CPU.ActiveCfg = Debug|Any CPU
		{05E6CAD4-2DF2-446A-91AC-1FB0E7987159}.Debug|Any CPU.Build.0 = Debug|Any CPU
		{05E6CAD4-2DF2-446A-91AC-1FB0E7987159}.Release|Any CPU.ActiveCfg = Release|Any CPU
		{05E6CAD4-2DF2-446A-91AC-1FB0E7987159}.Release|Any CPU.Build.0 = Release|Any CPU
		{121BEE2E-D032-480F-B572-04D28293694E}.Debug|Any CPU.ActiveCfg = Debug|Any CPU
		{121BEE2E-D032-480F-B572-04D28293694E}.Debug|Any CPU.Build.0 = Debug|Any CPU
		{121BEE2E-D032-480F-B572-04D28293694E}.Release|Any CPU.ActiveCfg = Release|Any CPU
		{121BEE2E-D032-480F-B572-04D28293694E}.Release|Any CPU.Build.0 = Release|Any CPU
		{6DA1F9B1-0449-4B44-BAA5-1412FBD66B7A}.Debug|Any CPU.ActiveCfg = Debug|Any CPU
		{6DA1F9B1-0449-4B44-BAA5-1412FBD66B7A}.Debug|Any CPU.Build.0 = Debug|Any CPU
		{6DA1F9B1-0449-4B44-BAA5-1412FBD66B7A}.Release|Any CPU.ActiveCfg = Release|Any CPU
		{6DA1F9B1-0449-4B44-BAA5-1412FBD66B7A}.Release|Any CPU.Build.0 = Release|Any CPU
		{85BBC879-FB8D-401B-9485-D10C1502C767}.Debug|Any CPU.ActiveCfg = Debug|Any CPU
		{85BBC879-FB8D-401B-9485-D10C1502C767}.Debug|Any CPU.Build.0 = Debug|Any CPU
		{85BBC879-FB8D-401B-9485-D10C1502C767}.Release|Any CPU.ActiveCfg = Release|Any CPU
		{85BBC879-FB8D-401B-9485-D10C1502C767}.Release|Any CPU.Build.0 = Release|Any CPU
		{CC90C6A1-1FE7-4E02-A3AF-3BF4E90A0541}.Debug|Any CPU.ActiveCfg = Debug|Any CPU
		{CC90C6A1-1FE7-4E02-A3AF-3BF4E90A0541}.Debug|Any CPU.Build.0 = Debug|Any CPU
		{CC90C6A1-1FE7-4E02-A3AF-3BF4E90A0541}.Release|Any CPU.ActiveCfg = Release|Any CPU
		{CC90C6A1-1FE7-4E02-A3AF-3BF4E90A0541}.Release|Any CPU.Build.0 = Release|Any CPU
		{E3C5053E-9A1D-4FCE-876F-00B837252A8B}.Debug|Any CPU.ActiveCfg = Debug|Any CPU
		{E3C5053E-9A1D-4FCE-876F-00B837252A8B}.Debug|Any CPU.Build.0 = Debug|Any CPU
		{E3C5053E-9A1D-4FCE-876F-00B837252A8B}.Release|Any CPU.ActiveCfg = Release|Any CPU
		{E3C5053E-9A1D-4FCE-876F-00B837252A8B}.Release|Any CPU.Build.0 = Release|Any CPU
		{1C59F3AA-127D-4D46-92A9-8EB82692B76A}.Debug|Any CPU.ActiveCfg = Debug|Any CPU
		{1C59F3AA-127D-4D46-92A9-8EB82692B76A}.Debug|Any CPU.Build.0 = Debug|Any CPU
		{1C59F3AA-127D-4D46-92A9-8EB82692B76A}.Release|Any CPU.ActiveCfg = Release|Any CPU
		{1C59F3AA-127D-4D46-92A9-8EB82692B76A}.Release|Any CPU.Build.0 = Release|Any CPU
		{9052CDBC-3BE6-4134-82FC-EE08813B2FF9}.Debug|Any CPU.ActiveCfg = Debug|Any CPU
		{9052CDBC-3BE6-4134-82FC-EE08813B2FF9}.Debug|Any CPU.Build.0 = Debug|Any CPU
		{9052CDBC-3BE6-4134-82FC-EE08813B2FF9}.Debug|Any CPU.Deploy.0 = Debug|Any CPU
		{9052CDBC-3BE6-4134-82FC-EE08813B2FF9}.Release|Any CPU.ActiveCfg = Release|Any CPU
		{9052CDBC-3BE6-4134-82FC-EE08813B2FF9}.Release|Any CPU.Build.0 = Release|Any CPU
		{9052CDBC-3BE6-4134-82FC-EE08813B2FF9}.Release|Any CPU.Deploy.0 = Release|Any CPU
		{691DEA32-030F-4002-AC39-12EA8F8676B4}.Debug|Any CPU.ActiveCfg = Debug|Any CPU
		{691DEA32-030F-4002-AC39-12EA8F8676B4}.Debug|Any CPU.Build.0 = Debug|Any CPU
		{691DEA32-030F-4002-AC39-12EA8F8676B4}.Release|Any CPU.ActiveCfg = Release|Any CPU
		{691DEA32-030F-4002-AC39-12EA8F8676B4}.Release|Any CPU.Build.0 = Release|Any CPU
		{A9EA61A3-AB41-43BD-8DA5-4F4DAD60B3D9}.Debug|Any CPU.ActiveCfg = Debug|Any CPU
		{A9EA61A3-AB41-43BD-8DA5-4F4DAD60B3D9}.Debug|Any CPU.Build.0 = Debug|Any CPU
		{A9EA61A3-AB41-43BD-8DA5-4F4DAD60B3D9}.Release|Any CPU.ActiveCfg = Release|Any CPU
		{A9EA61A3-AB41-43BD-8DA5-4F4DAD60B3D9}.Release|Any CPU.Build.0 = Release|Any CPU
	EndGlobalSection
	GlobalSection(SolutionProperties) = preSolution
		HideSolutionNode = FALSE
	EndGlobalSection
	GlobalSection(NestedProjects) = preSolution
		{3CBD0824-FB52-4B1E-B9D6-F4D34CBEED6E} = {1C450F48-ED52-4688-BA6D-3BE27506C397}
		{4EF84CA0-33B8-40A6-8191-817C65AD012D} = {1C450F48-ED52-4688-BA6D-3BE27506C397}
		{14A791B1-4CB4-4703-AA8A-F447BD30EE4C} = {1C450F48-ED52-4688-BA6D-3BE27506C397}
		{890F0D5A-151F-4CB8-88C3-05EFE24D645B} = {3CBD0824-FB52-4B1E-B9D6-F4D34CBEED6E}
		{1472F07E-73E7-4455-A761-8AD423D6E5DF} = {890F0D5A-151F-4CB8-88C3-05EFE24D645B}
		{7E08A660-CE62-496E-B16E-D3E127A3B083} = {890F0D5A-151F-4CB8-88C3-05EFE24D645B}
		{71417F51-8B93-4F15-A2BB-BB12FE286B24} = {14A791B1-4CB4-4703-AA8A-F447BD30EE4C}
		{5535D576-3AA9-49B4-8B73-356A7A6AB00A} = {4EF84CA0-33B8-40A6-8191-817C65AD012D}
		{15C143A5-3261-470C-8825-C26F9905A8CE} = {5535D576-3AA9-49B4-8B73-356A7A6AB00A}
		{2A750D33-B6C6-4951-8E14-8A79D5BCBB72} = {5535D576-3AA9-49B4-8B73-356A7A6AB00A}
		{22CB466F-B105-49EC-A256-45A21B7E1E31} = {4EF84CA0-33B8-40A6-8191-817C65AD012D}
		{05E6CAD4-2DF2-446A-91AC-1FB0E7987159} = {22CB466F-B105-49EC-A256-45A21B7E1E31}
		{121BEE2E-D032-480F-B572-04D28293694E} = {22CB466F-B105-49EC-A256-45A21B7E1E31}
		{AF8DC325-C762-46C4-9EDB-09751BE519EB} = {4EF84CA0-33B8-40A6-8191-817C65AD012D}
		{6DA1F9B1-0449-4B44-BAA5-1412FBD66B7A} = {AF8DC325-C762-46C4-9EDB-09751BE519EB}
		{85BBC879-FB8D-401B-9485-D10C1502C767} = {AF8DC325-C762-46C4-9EDB-09751BE519EB}
		{CC90C6A1-1FE7-4E02-A3AF-3BF4E90A0541} = {4B88BBD2-E5E3-4E2F-A61E-1B673C1BC25B}
		{E3C5053E-9A1D-4FCE-876F-00B837252A8B} = {4B88BBD2-E5E3-4E2F-A61E-1B673C1BC25B}
		{4B88BBD2-E5E3-4E2F-A61E-1B673C1BC25B} = {4EF84CA0-33B8-40A6-8191-817C65AD012D}
		{1C59F3AA-127D-4D46-92A9-8EB82692B76A} = {14A791B1-4CB4-4703-AA8A-F447BD30EE4C}
		{9052CDBC-3BE6-4134-82FC-EE08813B2FF9} = {4B88BBD2-E5E3-4E2F-A61E-1B673C1BC25B}
		{9F948905-414A-4FC1-ADBB-FE59404A4297} = {14A791B1-4CB4-4703-AA8A-F447BD30EE4C}
		{691DEA32-030F-4002-AC39-12EA8F8676B4} = {9F948905-414A-4FC1-ADBB-FE59404A4297}
		{4C7E032E-6784-4E63-B73B-1F6CE0BB4B27} = {4EF84CA0-33B8-40A6-8191-817C65AD012D}
		{A9EA61A3-AB41-43BD-8DA5-4F4DAD60B3D9} = {4C7E032E-6784-4E63-B73B-1F6CE0BB4B27}
	EndGlobalSection
	GlobalSection(ExtensibilityGlobals) = postSolution
		SolutionGuid = {02881AD5-0054-4C8E-9B98-386C8307E1FB}
		EnterpriseLibraryConfigurationToolBinariesPathV6 = packages\EnterpriseLibrary.Common.6.0.1304.0\lib\NET45;packages\EnterpriseLibrary.TransientFaultHandling.6.0.1304.0\lib\portable-net45+win+wp8;packages\EnterpriseLibrary.TransientFaultHandling.Caching.6.0.1304.0\lib\NET45;packages\EnterpriseLibrary.TransientFaultHandling.Data.6.0.1304.1\lib\NET45;packages\EnterpriseLibrary.TransientFaultHandling.ServiceBus.6.0.1304.0\lib\NET45;packages\EnterpriseLibrary.TransientFaultHandling.WindowsAzure.Storage.6.0.1304.0\lib\NET45;packages\EnterpriseLibrary.TransientFaultHandling.Configuration.6.0.1304.0\lib\NET45
	EndGlobalSection
EndGlobal
